// !$*UTF8*$!
{
	archiveVersion = 1;
	classes = {
	};
	objectVersion = 56;
	objects = {

/* Begin PBXBuildFile section */
		55AF18B42B0AFA7B000BBE25 /* AppDelegate.swift in Sources */ = {isa = PBXBuildFile; fileRef = 55AF18B32B0AFA7B000BBE25 /* AppDelegate.swift */; };
		55AF18B62B0AFA7B000BBE25 /* SceneDelegate.swift in Sources */ = {isa = PBXBuildFile; fileRef = 55AF18B52B0AFA7B000BBE25 /* SceneDelegate.swift */; };
		55AF18B82B0AFA7B000BBE25 /* ViewController.swift in Sources */ = {isa = PBXBuildFile; fileRef = 55AF18B72B0AFA7B000BBE25 /* ViewController.swift */; };
		55AF18BB2B0AFA7B000BBE25 /* Main.storyboard in Resources */ = {isa = PBXBuildFile; fileRef = 55AF18B92B0AFA7B000BBE25 /* Main.storyboard */; };
		55AF18BE2B0AFA7B000BBE25 /* RickAndMorty.xcdatamodeld in Sources */ = {isa = PBXBuildFile; fileRef = 55AF18BC2B0AFA7B000BBE25 /* RickAndMorty.xcdatamodeld */; };
		55AF18C02B0AFA7F000BBE25 /* Assets.xcassets in Resources */ = {isa = PBXBuildFile; fileRef = 55AF18BF2B0AFA7F000BBE25 /* Assets.xcassets */; };
		55AF18C32B0AFA7F000BBE25 /* LaunchScreen.storyboard in Resources */ = {isa = PBXBuildFile; fileRef = 55AF18C12B0AFA7F000BBE25 /* LaunchScreen.storyboard */; };
		55D3FA6D2B17F112007336B0 /* EpisodesAPI_Helper.swift in Sources */ = {isa = PBXBuildFile; fileRef = 55D3FA6C2B17F112007336B0 /* EpisodesAPI_Helper.swift */; };
		55D3FA6F2B17F16D007336B0 /* Error.swift in Sources */ = {isa = PBXBuildFile; fileRef = 55D3FA6E2B17F16D007336B0 /* Error.swift */; };
		55D3FA712B17F284007336B0 /* EpisodesTableViewController.swift in Sources */ = {isa = PBXBuildFile; fileRef = 55D3FA702B17F284007336B0 /* EpisodesTableViewController.swift */; };
		55D3FA732B17F710007336B0 /* CacheEntry.swift in Sources */ = {isa = PBXBuildFile; fileRef = 55D3FA722B17F710007336B0 /* CacheEntry.swift */; };
		55D3FA752B17F731007336B0 /* NSCache+Subscript.swift in Sources */ = {isa = PBXBuildFile; fileRef = 55D3FA742B17F731007336B0 /* NSCache+Subscript.swift */; };
		55D3FA772B17F823007336B0 /* EpisodesTableViewCell.swift in Sources */ = {isa = PBXBuildFile; fileRef = 55D3FA762B17F823007336B0 /* EpisodesTableViewCell.swift */; };
		55D3FA792B17FEEE007336B0 /* LocationsAPI_Helper.swift in Sources */ = {isa = PBXBuildFile; fileRef = 55D3FA782B17FEEE007336B0 /* LocationsAPI_Helper.swift */; };
		55D3FA7B2B17FF8B007336B0 /* LocationsTableViewController.swift in Sources */ = {isa = PBXBuildFile; fileRef = 55D3FA7A2B17FF8B007336B0 /* LocationsTableViewController.swift */; };
		55D3FA7D2B17FFA8007336B0 /* LocationTableViewCell.swift in Sources */ = {isa = PBXBuildFile; fileRef = 55D3FA7C2B17FFA8007336B0 /* LocationTableViewCell.swift */; };
		55D3FA7F2B18036A007336B0 /* CharactersAPI_Helper.swift in Sources */ = {isa = PBXBuildFile; fileRef = 55D3FA7E2B18036A007336B0 /* CharactersAPI_Helper.swift */; };
		55D3FA812B1803ED007336B0 /* CharacterTableViewController.swift in Sources */ = {isa = PBXBuildFile; fileRef = 55D3FA802B1803ED007336B0 /* CharacterTableViewController.swift */; };
		55D3FA832B180403007336B0 /* CharacterTableViewCell.swift in Sources */ = {isa = PBXBuildFile; fileRef = 55D3FA822B180403007336B0 /* CharacterTableViewCell.swift */; };
		55DB86372B0AFEA1009427D6 /* TabBarViewController.swift in Sources */ = {isa = PBXBuildFile; fileRef = 55DB86362B0AFEA1009427D6 /* TabBarViewController.swift */; };
		55DB863B2B0B029C009427D6 /* characterModel.swift in Sources */ = {isa = PBXBuildFile; fileRef = 55DB863A2B0B029C009427D6 /* characterModel.swift */; };
		55DB863D2B0B02AA009427D6 /* locationModel.swift in Sources */ = {isa = PBXBuildFile; fileRef = 55DB863C2B0B02AA009427D6 /* locationModel.swift */; };
		55DB863F2B0B02BB009427D6 /* episodesModel.swift in Sources */ = {isa = PBXBuildFile; fileRef = 55DB863E2B0B02BB009427D6 /* episodesModel.swift */; };
/* End PBXBuildFile section */

/* Begin PBXFileReference section */
		55AF18B02B0AFA7B000BBE25 /* RickAndMorty.app */ = {isa = PBXFileReference; explicitFileType = wrapper.application; includeInIndex = 0; path = RickAndMorty.app; sourceTree = BUILT_PRODUCTS_DIR; };
		55AF18B32B0AFA7B000BBE25 /* AppDelegate.swift */ = {isa = PBXFileReference; lastKnownFileType = sourcecode.swift; path = AppDelegate.swift; sourceTree = "<group>"; };
		55AF18B52B0AFA7B000BBE25 /* SceneDelegate.swift */ = {isa = PBXFileReference; lastKnownFileType = sourcecode.swift; path = SceneDelegate.swift; sourceTree = "<group>"; };
		55AF18B72B0AFA7B000BBE25 /* ViewController.swift */ = {isa = PBXFileReference; lastKnownFileType = sourcecode.swift; path = ViewController.swift; sourceTree = "<group>"; };
		55AF18BA2B0AFA7B000BBE25 /* Base */ = {isa = PBXFileReference; lastKnownFileType = file.storyboard; name = Base; path = Base.lproj/Main.storyboard; sourceTree = "<group>"; };
		55AF18BD2B0AFA7B000BBE25 /* RickAndMorty.xcdatamodel */ = {isa = PBXFileReference; lastKnownFileType = wrapper.xcdatamodel; path = RickAndMorty.xcdatamodel; sourceTree = "<group>"; };
		55AF18BF2B0AFA7F000BBE25 /* Assets.xcassets */ = {isa = PBXFileReference; lastKnownFileType = folder.assetcatalog; path = Assets.xcassets; sourceTree = "<group>"; };
		55AF18C22B0AFA7F000BBE25 /* Base */ = {isa = PBXFileReference; lastKnownFileType = file.storyboard; name = Base; path = Base.lproj/LaunchScreen.storyboard; sourceTree = "<group>"; };
		55AF18C42B0AFA7F000BBE25 /* Info.plist */ = {isa = PBXFileReference; lastKnownFileType = text.plist.xml; path = Info.plist; sourceTree = "<group>"; };
		55D3FA6C2B17F112007336B0 /* EpisodesAPI_Helper.swift */ = {isa = PBXFileReference; lastKnownFileType = sourcecode.swift; path = EpisodesAPI_Helper.swift; sourceTree = "<group>"; };
		55D3FA6E2B17F16D007336B0 /* Error.swift */ = {isa = PBXFileReference; lastKnownFileType = sourcecode.swift; path = Error.swift; sourceTree = "<group>"; };
		55D3FA702B17F284007336B0 /* EpisodesTableViewController.swift */ = {isa = PBXFileReference; lastKnownFileType = sourcecode.swift; path = EpisodesTableViewController.swift; sourceTree = "<group>"; };
		55D3FA722B17F710007336B0 /* CacheEntry.swift */ = {isa = PBXFileReference; lastKnownFileType = sourcecode.swift; path = CacheEntry.swift; sourceTree = SOURCE_ROOT; };
		55D3FA742B17F731007336B0 /* NSCache+Subscript.swift */ = {isa = PBXFileReference; lastKnownFileType = sourcecode.swift; path = "NSCache+Subscript.swift"; sourceTree = "<group>"; };
		55D3FA762B17F823007336B0 /* EpisodesTableViewCell.swift */ = {isa = PBXFileReference; lastKnownFileType = sourcecode.swift; path = EpisodesTableViewCell.swift; sourceTree = "<group>"; };
		55D3FA782B17FEEE007336B0 /* LocationsAPI_Helper.swift */ = {isa = PBXFileReference; lastKnownFileType = sourcecode.swift; path = LocationsAPI_Helper.swift; sourceTree = "<group>"; };
		55D3FA7A2B17FF8B007336B0 /* LocationsTableViewController.swift */ = {isa = PBXFileReference; lastKnownFileType = sourcecode.swift; path = LocationsTableViewController.swift; sourceTree = SOURCE_ROOT; };
		55D3FA7C2B17FFA8007336B0 /* LocationTableViewCell.swift */ = {isa = PBXFileReference; lastKnownFileType = sourcecode.swift; path = LocationTableViewCell.swift; sourceTree = "<group>"; };
		55D3FA7E2B18036A007336B0 /* CharactersAPI_Helper.swift */ = {isa = PBXFileReference; lastKnownFileType = sourcecode.swift; path = CharactersAPI_Helper.swift; sourceTree = "<group>"; };
		55D3FA802B1803ED007336B0 /* CharacterTableViewController.swift */ = {isa = PBXFileReference; lastKnownFileType = sourcecode.swift; path = CharacterTableViewController.swift; sourceTree = "<group>"; };
		55D3FA822B180403007336B0 /* CharacterTableViewCell.swift */ = {isa = PBXFileReference; lastKnownFileType = sourcecode.swift; path = CharacterTableViewCell.swift; sourceTree = "<group>"; };
		55DB86362B0AFEA1009427D6 /* TabBarViewController.swift */ = {isa = PBXFileReference; lastKnownFileType = sourcecode.swift; path = TabBarViewController.swift; sourceTree = "<group>"; };
		55DB863A2B0B029C009427D6 /* characterModel.swift */ = {isa = PBXFileReference; lastKnownFileType = sourcecode.swift; path = characterModel.swift; sourceTree = "<group>"; };
		55DB863C2B0B02AA009427D6 /* locationModel.swift */ = {isa = PBXFileReference; lastKnownFileType = sourcecode.swift; path = locationModel.swift; sourceTree = "<group>"; };
		55DB863E2B0B02BB009427D6 /* episodesModel.swift */ = {isa = PBXFileReference; lastKnownFileType = sourcecode.swift; path = episodesModel.swift; sourceTree = "<group>"; };
/* End PBXFileReference section */

/* Begin PBXFrameworksBuildPhase section */
		55AF18AD2B0AFA7B000BBE25 /* Frameworks */ = {
			isa = PBXFrameworksBuildPhase;
			buildActionMask = 2147483647;
			files = (
			);
			runOnlyForDeploymentPostprocessing = 0;
		};
/* End PBXFrameworksBuildPhase section */

/* Begin PBXGroup section */
		55AF18A72B0AFA7B000BBE25 = {
			isa = PBXGroup;
			children = (
				55AF18B22B0AFA7B000BBE25 /* RickAndMorty */,
				55AF18B12B0AFA7B000BBE25 /* Products */,
			);
			sourceTree = "<group>";
		};
		55AF18B12B0AFA7B000BBE25 /* Products */ = {
			isa = PBXGroup;
			children = (
				55AF18B02B0AFA7B000BBE25 /* RickAndMorty.app */,
			);
			name = Products;
			sourceTree = "<group>";
		};
		55AF18B22B0AFA7B000BBE25 /* RickAndMorty */ = {
			isa = PBXGroup;
			children = (
				55DB86392B0B0266009427D6 /* models */,
				55AF18B32B0AFA7B000BBE25 /* AppDelegate.swift */,
				55AF18B52B0AFA7B000BBE25 /* SceneDelegate.swift */,
				55AF18B72B0AFA7B000BBE25 /* ViewController.swift */,
				55AF18BF2B0AFA7F000BBE25 /* Assets.xcassets */,
				55AF18C12B0AFA7F000BBE25 /* LaunchScreen.storyboard */,
				55AF18C42B0AFA7F000BBE25 /* Info.plist */,
				55AF18BC2B0AFA7B000BBE25 /* RickAndMorty.xcdatamodeld */,
				55DB86362B0AFEA1009427D6 /* TabBarViewController.swift */,
				55AF18B92B0AFA7B000BBE25 /* Main.storyboard */,
				55D3FA6C2B17F112007336B0 /* EpisodesAPI_Helper.swift */,
				55D3FA6E2B17F16D007336B0 /* Error.swift */,
				55D3FA702B17F284007336B0 /* EpisodesTableViewController.swift */,
				55D3FA722B17F710007336B0 /* CacheEntry.swift */,
				55D3FA742B17F731007336B0 /* NSCache+Subscript.swift */,
				55D3FA762B17F823007336B0 /* EpisodesTableViewCell.swift */,
				55D3FA782B17FEEE007336B0 /* LocationsAPI_Helper.swift */,
				55D3FA7A2B17FF8B007336B0 /* LocationsTableViewController.swift */,
				55D3FA7C2B17FFA8007336B0 /* LocationTableViewCell.swift */,
				55D3FA7E2B18036A007336B0 /* CharactersAPI_Helper.swift */,
				55D3FA802B1803ED007336B0 /* CharacterTableViewController.swift */,
				55D3FA822B180403007336B0 /* CharacterTableViewCell.swift */,
			);
			path = RickAndMorty;
			sourceTree = "<group>";
		};
		55DB86392B0B0266009427D6 /* models */ = {
			isa = PBXGroup;
			children = (
				55DB863A2B0B029C009427D6 /* characterModel.swift */,
				55DB863C2B0B02AA009427D6 /* locationModel.swift */,
				55DB863E2B0B02BB009427D6 /* episodesModel.swift */,
			);
			path = models;
			sourceTree = "<group>";
		};
/* End PBXGroup section */

/* Begin PBXNativeTarget section */
		55AF18AF2B0AFA7B000BBE25 /* RickAndMorty */ = {
			isa = PBXNativeTarget;
			buildConfigurationList = 55AF18C72B0AFA7F000BBE25 /* Build configuration list for PBXNativeTarget "RickAndMorty" */;
			buildPhases = (
				55AF18AC2B0AFA7B000BBE25 /* Sources */,
				55AF18AD2B0AFA7B000BBE25 /* Frameworks */,
				55AF18AE2B0AFA7B000BBE25 /* Resources */,
			);
			buildRules = (
			);
			dependencies = (
			);
			name = RickAndMorty;
			productName = RickAndMorty;
			productReference = 55AF18B02B0AFA7B000BBE25 /* RickAndMorty.app */;
			productType = "com.apple.product-type.application";
		};
/* End PBXNativeTarget section */

/* Begin PBXProject section */
		55AF18A82B0AFA7B000BBE25 /* Project object */ = {
			isa = PBXProject;
			attributes = {
				BuildIndependentTargetsInParallel = 1;
				LastSwiftUpdateCheck = 1500;
				LastUpgradeCheck = 1500;
				TargetAttributes = {
					55AF18AF2B0AFA7B000BBE25 = {
						CreatedOnToolsVersion = 15.0.1;
					};
				};
			};
			buildConfigurationList = 55AF18AB2B0AFA7B000BBE25 /* Build configuration list for PBXProject "RickAndMorty" */;
			compatibilityVersion = "Xcode 14.0";
			developmentRegion = en;
			hasScannedForEncodings = 0;
			knownRegions = (
				en,
				Base,
			);
			mainGroup = 55AF18A72B0AFA7B000BBE25;
			productRefGroup = 55AF18B12B0AFA7B000BBE25 /* Products */;
			projectDirPath = "";
			projectRoot = "";
			targets = (
				55AF18AF2B0AFA7B000BBE25 /* RickAndMorty */,
			);
		};
/* End PBXProject section */

/* Begin PBXResourcesBuildPhase section */
		55AF18AE2B0AFA7B000BBE25 /* Resources */ = {
			isa = PBXResourcesBuildPhase;
			buildActionMask = 2147483647;
			files = (
				55AF18C32B0AFA7F000BBE25 /* LaunchScreen.storyboard in Resources */,
				55AF18C02B0AFA7F000BBE25 /* Assets.xcassets in Resources */,
				55AF18BB2B0AFA7B000BBE25 /* Main.storyboard in Resources */,
			);
			runOnlyForDeploymentPostprocessing = 0;
		};
/* End PBXResourcesBuildPhase section */

/* Begin PBXSourcesBuildPhase section */
		55AF18AC2B0AFA7B000BBE25 /* Sources */ = {
			isa = PBXSourcesBuildPhase;
			buildActionMask = 2147483647;
			files = (
				55D3FA7F2B18036A007336B0 /* CharactersAPI_Helper.swift in Sources */,
				55D3FA7B2B17FF8B007336B0 /* LocationsTableViewController.swift in Sources */,
				55AF18BE2B0AFA7B000BBE25 /* RickAndMorty.xcdatamodeld in Sources */,
				55AF18B82B0AFA7B000BBE25 /* ViewController.swift in Sources */,
				55AF18B42B0AFA7B000BBE25 /* AppDelegate.swift in Sources */,
				55D3FA812B1803ED007336B0 /* CharacterTableViewController.swift in Sources */,
				55D3FA792B17FEEE007336B0 /* LocationsAPI_Helper.swift in Sources */,
				55D3FA832B180403007336B0 /* CharacterTableViewCell.swift in Sources */,
				55DB863F2B0B02BB009427D6 /* episodesModel.swift in Sources */,
				55DB86372B0AFEA1009427D6 /* TabBarViewController.swift in Sources */,
				55D3FA732B17F710007336B0 /* CacheEntry.swift in Sources */,
				55D3FA712B17F284007336B0 /* EpisodesTableViewController.swift in Sources */,
				55D3FA772B17F823007336B0 /* EpisodesTableViewCell.swift in Sources */,
				55AF18B62B0AFA7B000BBE25 /* SceneDelegate.swift in Sources */,
				55DB863D2B0B02AA009427D6 /* locationModel.swift in Sources */,
				55D3FA752B17F731007336B0 /* NSCache+Subscript.swift in Sources */,
				55DB863B2B0B029C009427D6 /* characterModel.swift in Sources */,
				55D3FA7D2B17FFA8007336B0 /* LocationTableViewCell.swift in Sources */,
				55D3FA6F2B17F16D007336B0 /* Error.swift in Sources */,
				55D3FA6D2B17F112007336B0 /* EpisodesAPI_Helper.swift in Sources */,
			);
			runOnlyForDeploymentPostprocessing = 0;
		};
/* End PBXSourcesBuildPhase section */

/* Begin PBXVariantGroup section */
		55AF18B92B0AFA7B000BBE25 /* Main.storyboard */ = {
			isa = PBXVariantGroup;
			children = (
				55AF18BA2B0AFA7B000BBE25 /* Base */,
			);
			name = Main.storyboard;
			sourceTree = "<group>";
		};
		55AF18C12B0AFA7F000BBE25 /* LaunchScreen.storyboard */ = {
			isa = PBXVariantGroup;
			children = (
				55AF18C22B0AFA7F000BBE25 /* Base */,
			);
			name = LaunchScreen.storyboard;
			sourceTree = "<group>";
		};
/* End PBXVariantGroup section */

/* Begin XCBuildConfiguration section */
		55AF18C52B0AFA7F000BBE25 /* Debug */ = {
			isa = XCBuildConfiguration;
			buildSettings = {
				ALWAYS_SEARCH_USER_PATHS = NO;
				ASSETCATALOG_COMPILER_GENERATE_SWIFT_ASSET_SYMBOL_EXTENSIONS = YES;
				CLANG_ANALYZER_NONNULL = YES;
				CLANG_ANALYZER_NUMBER_OBJECT_CONVERSION = YES_AGGRESSIVE;
				CLANG_CXX_LANGUAGE_STANDARD = "gnu++20";
				CLANG_ENABLE_MODULES = YES;
				CLANG_ENABLE_OBJC_ARC = YES;
				CLANG_ENABLE_OBJC_WEAK = YES;
				CLANG_WARN_BLOCK_CAPTURE_AUTORELEASING = YES;
				CLANG_WARN_BOOL_CONVERSION = YES;
				CLANG_WARN_COMMA = YES;
				CLANG_WARN_CONSTANT_CONVERSION = YES;
				CLANG_WARN_DEPRECATED_OBJC_IMPLEMENTATIONS = YES;
				CLANG_WARN_DIRECT_OBJC_ISA_USAGE = YES_ERROR;
				CLANG_WARN_DOCUMENTATION_COMMENTS = YES;
				CLANG_WARN_EMPTY_BODY = YES;
				CLANG_WARN_ENUM_CONVERSION = YES;
				CLANG_WARN_INFINITE_RECURSION = YES;
				CLANG_WARN_INT_CONVERSION = YES;
				CLANG_WARN_NON_LITERAL_NULL_CONVERSION = YES;
				CLANG_WARN_OBJC_IMPLICIT_RETAIN_SELF = YES;
				CLANG_WARN_OBJC_LITERAL_CONVERSION = YES;
				CLANG_WARN_OBJC_ROOT_CLASS = YES_ERROR;
				CLANG_WARN_QUOTED_INCLUDE_IN_FRAMEWORK_HEADER = YES;
				CLANG_WARN_RANGE_LOOP_ANALYSIS = YES;
				CLANG_WARN_STRICT_PROTOTYPES = YES;
				CLANG_WARN_SUSPICIOUS_MOVE = YES;
				CLANG_WARN_UNGUARDED_AVAILABILITY = YES_AGGRESSIVE;
				CLANG_WARN_UNREACHABLE_CODE = YES;
				CLANG_WARN__DUPLICATE_METHOD_MATCH = YES;
				COPY_PHASE_STRIP = NO;
				DEBUG_INFORMATION_FORMAT = dwarf;
				ENABLE_STRICT_OBJC_MSGSEND = YES;
				ENABLE_TESTABILITY = YES;
				ENABLE_USER_SCRIPT_SANDBOXING = YES;
				GCC_C_LANGUAGE_STANDARD = gnu17;
				GCC_DYNAMIC_NO_PIC = NO;
				GCC_NO_COMMON_BLOCKS = YES;
				GCC_OPTIMIZATION_LEVEL = 0;
				GCC_PREPROCESSOR_DEFINITIONS = (
					"DEBUG=1",
					"$(inherited)",
				);
				GCC_WARN_64_TO_32_BIT_CONVERSION = YES;
				GCC_WARN_ABOUT_RETURN_TYPE = YES_ERROR;
				GCC_WARN_UNDECLARED_SELECTOR = YES;
				GCC_WARN_UNINITIALIZED_AUTOS = YES_AGGRESSIVE;
				GCC_WARN_UNUSED_FUNCTION = YES;
				GCC_WARN_UNUSED_VARIABLE = YES;
				IPHONEOS_DEPLOYMENT_TARGET = 17.0;
				LOCALIZATION_PREFERS_STRING_CATALOGS = YES;
				MTL_ENABLE_DEBUG_INFO = INCLUDE_SOURCE;
				MTL_FAST_MATH = YES;
				ONLY_ACTIVE_ARCH = YES;
				SDKROOT = iphoneos;
				SWIFT_ACTIVE_COMPILATION_CONDITIONS = "DEBUG $(inherited)";
				SWIFT_OPTIMIZATION_LEVEL = "-Onone";
			};
			name = Debug;
		};
		55AF18C62B0AFA7F000BBE25 /* Release */ = {
			isa = XCBuildConfiguration;
			buildSettings = {
				ALWAYS_SEARCH_USER_PATHS = NO;
				ASSETCATALOG_COMPILER_GENERATE_SWIFT_ASSET_SYMBOL_EXTENSIONS = YES;
				CLANG_ANALYZER_NONNULL = YES;
				CLANG_ANALYZER_NUMBER_OBJECT_CONVERSION = YES_AGGRESSIVE;
				CLANG_CXX_LANGUAGE_STANDARD = "gnu++20";
				CLANG_ENABLE_MODULES = YES;
				CLANG_ENABLE_OBJC_ARC = YES;
				CLANG_ENABLE_OBJC_WEAK = YES;
				CLANG_WARN_BLOCK_CAPTURE_AUTORELEASING = YES;
				CLANG_WARN_BOOL_CONVERSION = YES;
				CLANG_WARN_COMMA = YES;
				CLANG_WARN_CONSTANT_CONVERSION = YES;
				CLANG_WARN_DEPRECATED_OBJC_IMPLEMENTATIONS = YES;
				CLANG_WARN_DIRECT_OBJC_ISA_USAGE = YES_ERROR;
				CLANG_WARN_DOCUMENTATION_COMMENTS = YES;
				CLANG_WARN_EMPTY_BODY = YES;
				CLANG_WARN_ENUM_CONVERSION = YES;
				CLANG_WARN_INFINITE_RECURSION = YES;
				CLANG_WARN_INT_CONVERSION = YES;
				CLANG_WARN_NON_LITERAL_NULL_CONVERSION = YES;
				CLANG_WARN_OBJC_IMPLICIT_RETAIN_SELF = YES;
				CLANG_WARN_OBJC_LITERAL_CONVERSION = YES;
				CLANG_WARN_OBJC_ROOT_CLASS = YES_ERROR;
				CLANG_WARN_QUOTED_INCLUDE_IN_FRAMEWORK_HEADER = YES;
				CLANG_WARN_RANGE_LOOP_ANALYSIS = YES;
				CLANG_WARN_STRICT_PROTOTYPES = YES;
				CLANG_WARN_SUSPICIOUS_MOVE = YES;
				CLANG_WARN_UNGUARDED_AVAILABILITY = YES_AGGRESSIVE;
				CLANG_WARN_UNREACHABLE_CODE = YES;
				CLANG_WARN__DUPLICATE_METHOD_MATCH = YES;
				COPY_PHASE_STRIP = NO;
				DEBUG_INFORMATION_FORMAT = "dwarf-with-dsym";
				ENABLE_NS_ASSERTIONS = NO;
				ENABLE_STRICT_OBJC_MSGSEND = YES;
				ENABLE_USER_SCRIPT_SANDBOXING = YES;
				GCC_C_LANGUAGE_STANDARD = gnu17;
				GCC_NO_COMMON_BLOCKS = YES;
				GCC_WARN_64_TO_32_BIT_CONVERSION = YES;
				GCC_WARN_ABOUT_RETURN_TYPE = YES_ERROR;
				GCC_WARN_UNDECLARED_SELECTOR = YES;
				GCC_WARN_UNINITIALIZED_AUTOS = YES_AGGRESSIVE;
				GCC_WARN_UNUSED_FUNCTION = YES;
				GCC_WARN_UNUSED_VARIABLE = YES;
				IPHONEOS_DEPLOYMENT_TARGET = 17.0;
				LOCALIZATION_PREFERS_STRING_CATALOGS = YES;
				MTL_ENABLE_DEBUG_INFO = NO;
				MTL_FAST_MATH = YES;
				SDKROOT = iphoneos;
				SWIFT_COMPILATION_MODE = wholemodule;
				VALIDATE_PRODUCT = YES;
			};
			name = Release;
		};
		55AF18C82B0AFA7F000BBE25 /* Debug */ = {
			isa = XCBuildConfiguration;
			buildSettings = {
				ASSETCATALOG_COMPILER_APPICON_NAME = AppIcon;
				ASSETCATALOG_COMPILER_GLOBAL_ACCENT_COLOR_NAME = AccentColor;
				CODE_SIGN_STYLE = Automatic;
				CURRENT_PROJECT_VERSION = 1;
				DEVELOPMENT_TEAM = 3LZF939CW3;
				GENERATE_INFOPLIST_FILE = YES;
				INFOPLIST_FILE = RickAndMorty/Info.plist;
				INFOPLIST_KEY_UIApplicationSupportsIndirectInputEvents = YES;
				INFOPLIST_KEY_UILaunchStoryboardName = LaunchScreen;
				INFOPLIST_KEY_UIMainStoryboardFile = Main;
				INFOPLIST_KEY_UISupportedInterfaceOrientations_iPad = "UIInterfaceOrientationPortrait UIInterfaceOrientationPortraitUpsideDown UIInterfaceOrientationLandscapeLeft UIInterfaceOrientationLandscapeRight";
				INFOPLIST_KEY_UISupportedInterfaceOrientations_iPhone = "UIInterfaceOrientationPortrait UIInterfaceOrientationLandscapeLeft UIInterfaceOrientationLandscapeRight";
				LD_RUNPATH_SEARCH_PATHS = (
					"$(inherited)",
					"@executable_path/Frameworks",
				);
				MARKETING_VERSION = 1.0;
				PRODUCT_BUNDLE_IDENTIFIER = demoApp.RickAndMorty;
				PRODUCT_NAME = "$(TARGET_NAME)";
				SWIFT_EMIT_LOC_STRINGS = YES;
				SWIFT_VERSION = 5.0;
				TARGETED_DEVICE_FAMILY = "1,2";
			};
			name = Debug;
		};
		55AF18C92B0AFA7F000BBE25 /* Release */ = {
			isa = XCBuildConfiguration;
			buildSettings = {
				ASSETCATALOG_COMPILER_APPICON_NAME = AppIcon;
				ASSETCATALOG_COMPILER_GLOBAL_ACCENT_COLOR_NAME = AccentColor;
				CODE_SIGN_STYLE = Automatic;
				CURRENT_PROJECT_VERSION = 1;
				DEVELOPMENT_TEAM = 3LZF939CW3;
				GENERATE_INFOPLIST_FILE = YES;
				INFOPLIST_FILE = RickAndMorty/Info.plist;
				INFOPLIST_KEY_UIApplicationSupportsIndirectInputEvents = YES;
				INFOPLIST_KEY_UILaunchStoryboardName = LaunchScreen;
				INFOPLIST_KEY_UIMainStoryboardFile = Main;
				INFOPLIST_KEY_UISupportedInterfaceOrientations_iPad = "UIInterfaceOrientationPortrait UIInterfaceOrientationPortraitUpsideDown UIInterfaceOrientationLandscapeLeft UIInterfaceOrientationLandscapeRight";
				INFOPLIST_KEY_UISupportedInterfaceOrientations_iPhone = "UIInterfaceOrientationPortrait UIInterfaceOrientationLandscapeLeft UIInterfaceOrientationLandscapeRight";
				LD_RUNPATH_SEARCH_PATHS = (
					"$(inherited)",
					"@executable_path/Frameworks",
				);
				MARKETING_VERSION = 1.0;
				PRODUCT_BUNDLE_IDENTIFIER = demoApp.RickAndMorty;
				PRODUCT_NAME = "$(TARGET_NAME)";
				SWIFT_EMIT_LOC_STRINGS = YES;
				SWIFT_VERSION = 5.0;
				TARGETED_DEVICE_FAMILY = "1,2";
			};
			name = Release;
		};
/* End XCBuildConfiguration section */

/* Begin XCConfigurationList section */
		55AF18AB2B0AFA7B000BBE25 /* Build configuration list for PBXProject "RickAndMorty" */ = {
			isa = XCConfigurationList;
			buildConfigurations = (
				55AF18C52B0AFA7F000BBE25 /* Debug */,
				55AF18C62B0AFA7F000BBE25 /* Release */,
			);
			defaultConfigurationIsVisible = 0;
			defaultConfigurationName = Release;
		};
		55AF18C72B0AFA7F000BBE25 /* Build configuration list for PBXNativeTarget "RickAndMorty" */ = {
			isa = XCConfigurationList;
			buildConfigurations = (
				55AF18C82B0AFA7F000BBE25 /* Debug */,
				55AF18C92B0AFA7F000BBE25 /* Release */,
			);
			defaultConfigurationIsVisible = 0;
			defaultConfigurationName = Release;
		};
/* End XCConfigurationList section */

/* Begin XCVersionGroup section */
		55AF18BC2B0AFA7B000BBE25 /* RickAndMorty.xcdatamodeld */ = {
			isa = XCVersionGroup;
			children = (
				55AF18BD2B0AFA7B000BBE25 /* RickAndMorty.xcdatamodel */,
			);
			currentVersion = 55AF18BD2B0AFA7B000BBE25 /* RickAndMorty.xcdatamodel */;
			path = RickAndMorty.xcdatamodeld;
			sourceTree = "<group>";
			versionGroupType = wrapper.xcdatamodel;
		};
/* End XCVersionGroup section */
	};
	rootObject = 55AF18A82B0AFA7B000BBE25 /* Project object */;
}
